// !$*UTF8*$!
{
	archiveVersion = 1;
	classes = {
	};
	objectVersion = 50;
	objects = {

/* Begin PBXBuildFile section */
		E230FB7B2345EC460028A26A /* main.cpp in Sources */ = {isa = PBXBuildFile; fileRef = E230FB7A2345EC460028A26A /* main.cpp */; };
		E230FB86234600980028A26A /* main.cpp in Sources */ = {isa = PBXBuildFile; fileRef = E230FB85234600980028A26A /* main.cpp */; };
		E230FB9123466FC40028A26A /* main.cpp in Sources */ = {isa = PBXBuildFile; fileRef = E230FB9023466FC40028A26A /* main.cpp */; };
		E29A1D3B2349D6AC003FD77B /* main.cpp in Sources */ = {isa = PBXBuildFile; fileRef = E29A1D3A2349D6AC003FD77B /* main.cpp */; };
		E29A1D462349DD73003FD77B /* main.cpp in Sources */ = {isa = PBXBuildFile; fileRef = E29A1D452349DD73003FD77B /* main.cpp */; };
		E29A1D512349E83F003FD77B /* main.cpp in Sources */ = {isa = PBXBuildFile; fileRef = E29A1D502349E83F003FD77B /* main.cpp */; };
		E29A1D5C2349E8E0003FD77B /* main.cpp in Sources */ = {isa = PBXBuildFile; fileRef = E29A1D5B2349E8E0003FD77B /* main.cpp */; };
		E29A1D672349EBC6003FD77B /* main.cpp in Sources */ = {isa = PBXBuildFile; fileRef = E29A1D662349EBC6003FD77B /* main.cpp */; };
		E29A1D722349F18D003FD77B /* main.cpp in Sources */ = {isa = PBXBuildFile; fileRef = E29A1D712349F18D003FD77B /* main.cpp */; };
		E29A1D7D234B1286003FD77B /* main.cpp in Sources */ = {isa = PBXBuildFile; fileRef = E29A1D7C234B1286003FD77B /* main.cpp */; };
		E29A1D88234B12E1003FD77B /* main.cpp in Sources */ = {isa = PBXBuildFile; fileRef = E29A1D87234B12E1003FD77B /* main.cpp */; };
		E2A53E6E2381B4FE0080D6CD /* main.cpp in Sources */ = {isa = PBXBuildFile; fileRef = E2A53E6D2381B4FE0080D6CD /* main.cpp */; };
		E2A53E792381B5570080D6CD /* main.cpp in Sources */ = {isa = PBXBuildFile; fileRef = E2A53E782381B5570080D6CD /* main.cpp */; };
		E2A53E842381B56A0080D6CD /* main.cpp in Sources */ = {isa = PBXBuildFile; fileRef = E2A53E832381B56A0080D6CD /* main.cpp */; };
		E2A53E8F2381B57C0080D6CD /* main.cpp in Sources */ = {isa = PBXBuildFile; fileRef = E2A53E8E2381B57C0080D6CD /* main.cpp */; };
		E2A53E9A2381B5920080D6CD /* main.cpp in Sources */ = {isa = PBXBuildFile; fileRef = E2A53E992381B5920080D6CD /* main.cpp */; };
		E2A53EA52381B59E0080D6CD /* main.cpp in Sources */ = {isa = PBXBuildFile; fileRef = E2A53EA42381B59E0080D6CD /* main.cpp */; };
		E2A53EB02381B5AC0080D6CD /* main.cpp in Sources */ = {isa = PBXBuildFile; fileRef = E2A53EAF2381B5AC0080D6CD /* main.cpp */; };
		E2A53EBB2381B5BF0080D6CD /* main.cpp in Sources */ = {isa = PBXBuildFile; fileRef = E2A53EBA2381B5BF0080D6CD /* main.cpp */; };
		E2A53EC62381B5E20080D6CD /* main.cpp in Sources */ = {isa = PBXBuildFile; fileRef = E2A53EC52381B5E20080D6CD /* main.cpp */; };
		E2A53ED12381B5F40080D6CD /* main.cpp in Sources */ = {isa = PBXBuildFile; fileRef = E2A53ED02381B5F40080D6CD /* main.cpp */; };
/* End PBXBuildFile section */

/* Begin PBXCopyFilesBuildPhase section */
		E230FB762345EC450028A26A /* CopyFiles */ = {
			isa = PBXCopyFilesBuildPhase;
			buildActionMask = 2147483647;
			dstPath = /usr/share/man/man1/;
			dstSubfolderSpec = 0;
			files = (
			);
			runOnlyForDeploymentPostprocessing = 1;
		};
		E230FB81234600980028A26A /* CopyFiles */ = {
			isa = PBXCopyFilesBuildPhase;
			buildActionMask = 2147483647;
			dstPath = /usr/share/man/man1/;
			dstSubfolderSpec = 0;
			files = (
			);
			runOnlyForDeploymentPostprocessing = 1;
		};
		E230FB8C23466FC40028A26A /* CopyFiles */ = {
			isa = PBXCopyFilesBuildPhase;
			buildActionMask = 2147483647;
			dstPath = /usr/share/man/man1/;
			dstSubfolderSpec = 0;
			files = (
			);
			runOnlyForDeploymentPostprocessing = 1;
		};
		E29A1D362349D6AC003FD77B /* CopyFiles */ = {
			isa = PBXCopyFilesBuildPhase;
			buildActionMask = 2147483647;
			dstPath = /usr/share/man/man1/;
			dstSubfolderSpec = 0;
			files = (
			);
			runOnlyForDeploymentPostprocessing = 1;
		};
		E29A1D412349DD73003FD77B /* CopyFiles */ = {
			isa = PBXCopyFilesBuildPhase;
			buildActionMask = 2147483647;
			dstPath = /usr/share/man/man1/;
			dstSubfolderSpec = 0;
			files = (
			);
			runOnlyForDeploymentPostprocessing = 1;
		};
		E29A1D4C2349E83F003FD77B /* CopyFiles */ = {
			isa = PBXCopyFilesBuildPhase;
			buildActionMask = 2147483647;
			dstPath = /usr/share/man/man1/;
			dstSubfolderSpec = 0;
			files = (
			);
			runOnlyForDeploymentPostprocessing = 1;
		};
		E29A1D572349E8E0003FD77B /* CopyFiles */ = {
			isa = PBXCopyFilesBuildPhase;
			buildActionMask = 2147483647;
			dstPath = /usr/share/man/man1/;
			dstSubfolderSpec = 0;
			files = (
			);
			runOnlyForDeploymentPostprocessing = 1;
		};
		E29A1D622349EBC6003FD77B /* CopyFiles */ = {
			isa = PBXCopyFilesBuildPhase;
			buildActionMask = 2147483647;
			dstPath = /usr/share/man/man1/;
			dstSubfolderSpec = 0;
			files = (
			);
			runOnlyForDeploymentPostprocessing = 1;
		};
		E29A1D6D2349F18D003FD77B /* CopyFiles */ = {
			isa = PBXCopyFilesBuildPhase;
			buildActionMask = 2147483647;
			dstPath = /usr/share/man/man1/;
			dstSubfolderSpec = 0;
			files = (
			);
			runOnlyForDeploymentPostprocessing = 1;
		};
		E29A1D78234B1286003FD77B /* CopyFiles */ = {
			isa = PBXCopyFilesBuildPhase;
			buildActionMask = 2147483647;
			dstPath = /usr/share/man/man1/;
			dstSubfolderSpec = 0;
			files = (
			);
			runOnlyForDeploymentPostprocessing = 1;
		};
		E29A1D83234B12E1003FD77B /* CopyFiles */ = {
			isa = PBXCopyFilesBuildPhase;
			buildActionMask = 2147483647;
			dstPath = /usr/share/man/man1/;
			dstSubfolderSpec = 0;
			files = (
			);
			runOnlyForDeploymentPostprocessing = 1;
		};
		E2A53E692381B4FE0080D6CD /* CopyFiles */ = {
			isa = PBXCopyFilesBuildPhase;
			buildActionMask = 2147483647;
			dstPath = /usr/share/man/man1/;
			dstSubfolderSpec = 0;
			files = (
			);
			runOnlyForDeploymentPostprocessing = 1;
		};
		E2A53E742381B5560080D6CD /* CopyFiles */ = {
			isa = PBXCopyFilesBuildPhase;
			buildActionMask = 2147483647;
			dstPath = /usr/share/man/man1/;
			dstSubfolderSpec = 0;
			files = (
			);
			runOnlyForDeploymentPostprocessing = 1;
		};
		E2A53E7F2381B56A0080D6CD /* CopyFiles */ = {
			isa = PBXCopyFilesBuildPhase;
			buildActionMask = 2147483647;
			dstPath = /usr/share/man/man1/;
			dstSubfolderSpec = 0;
			files = (
			);
			runOnlyForDeploymentPostprocessing = 1;
		};
		E2A53E8A2381B57C0080D6CD /* CopyFiles */ = {
			isa = PBXCopyFilesBuildPhase;
			buildActionMask = 2147483647;
			dstPath = /usr/share/man/man1/;
			dstSubfolderSpec = 0;
			files = (
			);
			runOnlyForDeploymentPostprocessing = 1;
		};
		E2A53E952381B5920080D6CD /* CopyFiles */ = {
			isa = PBXCopyFilesBuildPhase;
			buildActionMask = 2147483647;
			dstPath = /usr/share/man/man1/;
			dstSubfolderSpec = 0;
			files = (
			);
			runOnlyForDeploymentPostprocessing = 1;
		};
		E2A53EA02381B59E0080D6CD /* CopyFiles */ = {
			isa = PBXCopyFilesBuildPhase;
			buildActionMask = 2147483647;
			dstPath = /usr/share/man/man1/;
			dstSubfolderSpec = 0;
			files = (
			);
			runOnlyForDeploymentPostprocessing = 1;
		};
		E2A53EAB2381B5AC0080D6CD /* CopyFiles */ = {
			isa = PBXCopyFilesBuildPhase;
			buildActionMask = 2147483647;
			dstPath = /usr/share/man/man1/;
			dstSubfolderSpec = 0;
			files = (
			);
			runOnlyForDeploymentPostprocessing = 1;
		};
		E2A53EB62381B5BF0080D6CD /* CopyFiles */ = {
			isa = PBXCopyFilesBuildPhase;
			buildActionMask = 2147483647;
			dstPath = /usr/share/man/man1/;
			dstSubfolderSpec = 0;
			files = (
			);
			runOnlyForDeploymentPostprocessing = 1;
		};
		E2A53EC12381B5E20080D6CD /* CopyFiles */ = {
			isa = PBXCopyFilesBuildPhase;
			buildActionMask = 2147483647;
			dstPath = /usr/share/man/man1/;
			dstSubfolderSpec = 0;
			files = (
			);
			runOnlyForDeploymentPostprocessing = 1;
		};
		E2A53ECC2381B5F40080D6CD /* CopyFiles */ = {
			isa = PBXCopyFilesBuildPhase;
			buildActionMask = 2147483647;
			dstPath = /usr/share/man/man1/;
			dstSubfolderSpec = 0;
			files = (
			);
			runOnlyForDeploymentPostprocessing = 1;
		};
/* End PBXCopyFilesBuildPhase section */

/* Begin PBXFileReference section */
		E230FB782345EC450028A26A /* RemoveEvenIntegers */ = {isa = PBXFileReference; explicitFileType = "compiled.mach-o.executable"; includeInIndex = 0; path = RemoveEvenIntegers; sourceTree = BUILT_PRODUCTS_DIR; };
		E230FB7A2345EC460028A26A /* main.cpp */ = {isa = PBXFileReference; lastKnownFileType = sourcecode.cpp.cpp; path = main.cpp; sourceTree = "<group>"; };
		E230FB83234600980028A26A /* MergeTwoSortedArray */ = {isa = PBXFileReference; explicitFileType = "compiled.mach-o.executable"; includeInIndex = 0; path = MergeTwoSortedArray; sourceTree = BUILT_PRODUCTS_DIR; };
		E230FB85234600980028A26A /* main.cpp */ = {isa = PBXFileReference; lastKnownFileType = sourcecode.cpp.cpp; path = main.cpp; sourceTree = "<group>"; };
		E230FB8E23466FC40028A26A /* RightRotateArray */ = {isa = PBXFileReference; explicitFileType = "compiled.mach-o.executable"; includeInIndex = 0; path = RightRotateArray; sourceTree = BUILT_PRODUCTS_DIR; };
		E230FB9023466FC40028A26A /* main.cpp */ = {isa = PBXFileReference; lastKnownFileType = sourcecode.cpp.cpp; path = main.cpp; sourceTree = "<group>"; };
		E29A1D382349D6AC003FD77B /* TwoNumbersThatAddToValue */ = {isa = PBXFileReference; explicitFileType = "compiled.mach-o.executable"; includeInIndex = 0; path = TwoNumbersThatAddToValue; sourceTree = BUILT_PRODUCTS_DIR; };
		E29A1D3A2349D6AC003FD77B /* main.cpp */ = {isa = PBXFileReference; lastKnownFileType = sourcecode.cpp.cpp; path = main.cpp; sourceTree = "<group>"; };
		E29A1D432349DD73003FD77B /* ArrayOfProducts */ = {isa = PBXFileReference; explicitFileType = "compiled.mach-o.executable"; includeInIndex = 0; path = ArrayOfProducts; sourceTree = BUILT_PRODUCTS_DIR; };
		E29A1D452349DD73003FD77B /* main.cpp */ = {isa = PBXFileReference; lastKnownFileType = sourcecode.cpp.cpp; path = main.cpp; sourceTree = "<group>"; };
		E29A1D4E2349E83F003FD77B /* MinInArray */ = {isa = PBXFileReference; explicitFileType = "compiled.mach-o.executable"; includeInIndex = 0; path = MinInArray; sourceTree = BUILT_PRODUCTS_DIR; };
		E29A1D502349E83F003FD77B /* main.cpp */ = {isa = PBXFileReference; lastKnownFileType = sourcecode.cpp.cpp; path = main.cpp; sourceTree = "<group>"; };
		E29A1D592349E8E0003FD77B /* FirstUniqueIntegerInArray */ = {isa = PBXFileReference; explicitFileType = "compiled.mach-o.executable"; includeInIndex = 0; path = FirstUniqueIntegerInArray; sourceTree = BUILT_PRODUCTS_DIR; };
		E29A1D5B2349E8E0003FD77B /* main.cpp */ = {isa = PBXFileReference; lastKnownFileType = sourcecode.cpp.cpp; path = main.cpp; sourceTree = "<group>"; };
		E29A1D642349EBC6003FD77B /* SecondMaxInArray */ = {isa = PBXFileReference; explicitFileType = "compiled.mach-o.executable"; includeInIndex = 0; path = SecondMaxInArray; sourceTree = BUILT_PRODUCTS_DIR; };
		E29A1D662349EBC6003FD77B /* main.cpp */ = {isa = PBXFileReference; lastKnownFileType = sourcecode.cpp.cpp; path = main.cpp; sourceTree = "<group>"; };
		E29A1D6F2349F18D003FD77B /* RearrangePositionAndNegative */ = {isa = PBXFileReference; explicitFileType = "compiled.mach-o.executable"; includeInIndex = 0; path = RearrangePositionAndNegative; sourceTree = BUILT_PRODUCTS_DIR; };
		E29A1D712349F18D003FD77B /* main.cpp */ = {isa = PBXFileReference; lastKnownFileType = sourcecode.cpp.cpp; path = main.cpp; sourceTree = "<group>"; };
		E29A1D7A234B1286003FD77B /* RearrangeSortedArrInMinMax */ = {isa = PBXFileReference; explicitFileType = "compiled.mach-o.executable"; includeInIndex = 0; path = RearrangeSortedArrInMinMax; sourceTree = BUILT_PRODUCTS_DIR; };
		E29A1D7C234B1286003FD77B /* main.cpp */ = {isa = PBXFileReference; lastKnownFileType = sourcecode.cpp.cpp; path = main.cpp; sourceTree = "<group>"; };
		E29A1D85234B12E1003FD77B /* KthMaximum */ = {isa = PBXFileReference; explicitFileType = "compiled.mach-o.executable"; includeInIndex = 0; path = KthMaximum; sourceTree = BUILT_PRODUCTS_DIR; };
		E29A1D87234B12E1003FD77B /* main.cpp */ = {isa = PBXFileReference; lastKnownFileType = sourcecode.cpp.cpp; path = main.cpp; sourceTree = "<group>"; };
		E2A53E6B2381B4FE0080D6CD /* NthPermutation */ = {isa = PBXFileReference; explicitFileType = "compiled.mach-o.executable"; includeInIndex = 0; path = NthPermutation; sourceTree = BUILT_PRODUCTS_DIR; };
		E2A53E6D2381B4FE0080D6CD /* main.cpp */ = {isa = PBXFileReference; lastKnownFileType = sourcecode.cpp.cpp; path = main.cpp; sourceTree = "<group>"; };
		E2A53E762381B5560080D6CD /* IntegerDivision */ = {isa = PBXFileReference; explicitFileType = "compiled.mach-o.executable"; includeInIndex = 0; path = IntegerDivision; sourceTree = BUILT_PRODUCTS_DIR; };
		E2A53E782381B5570080D6CD /* main.cpp */ = {isa = PBXFileReference; lastKnownFileType = sourcecode.cpp.cpp; path = main.cpp; sourceTree = "<group>"; };
		E2A53E812381B56A0080D6CD /* PythagoreanTriplets */ = {isa = PBXFileReference; explicitFileType = "compiled.mach-o.executable"; includeInIndex = 0; path = PythagoreanTriplets; sourceTree = BUILT_PRODUCTS_DIR; };
		E2A53E832381B56A0080D6CD /* main.cpp */ = {isa = PBXFileReference; lastKnownFileType = sourcecode.cpp.cpp; path = main.cpp; sourceTree = "<group>"; };
		E2A53E8C2381B57C0080D6CD /* AllSumCombination */ = {isa = PBXFileReference; explicitFileType = "compiled.mach-o.executable"; includeInIndex = 0; path = AllSumCombination; sourceTree = BUILT_PRODUCTS_DIR; };
		E2A53E8E2381B57C0080D6CD /* main.cpp */ = {isa = PBXFileReference; lastKnownFileType = sourcecode.cpp.cpp; path = main.cpp; sourceTree = "<group>"; };
		E2A53E972381B5920080D6CD /* FindMissingNumber */ = {isa = PBXFileReference; explicitFileType = "compiled.mach-o.executable"; includeInIndex = 0; path = FindMissingNumber; sourceTree = BUILT_PRODUCTS_DIR; };
		E2A53E992381B5920080D6CD /* main.cpp */ = {isa = PBXFileReference; lastKnownFileType = sourcecode.cpp.cpp; path = main.cpp; sourceTree = "<group>"; };
		E2A53EA22381B59E0080D6CD /* PermuteString */ = {isa = PBXFileReference; explicitFileType = "compiled.mach-o.executable"; includeInIndex = 0; path = PermuteString; sourceTree = BUILT_PRODUCTS_DIR; };
		E2A53EA42381B59E0080D6CD /* main.cpp */ = {isa = PBXFileReference; lastKnownFileType = sourcecode.cpp.cpp; path = main.cpp; sourceTree = "<group>"; };
		E2A53EAD2381B5AC0080D6CD /* AllSubsets */ = {isa = PBXFileReference; explicitFileType = "compiled.mach-o.executable"; includeInIndex = 0; path = AllSubsets; sourceTree = BUILT_PRODUCTS_DIR; };
		E2A53EAF2381B5AC0080D6CD /* main.cpp */ = {isa = PBXFileReference; lastKnownFileType = sourcecode.cpp.cpp; path = main.cpp; sourceTree = "<group>"; };
		E2A53EB82381B5BF0080D6CD /* IsNumberValid */ = {isa = PBXFileReference; explicitFileType = "compiled.mach-o.executable"; includeInIndex = 0; path = IsNumberValid; sourceTree = BUILT_PRODUCTS_DIR; };
		E2A53EBA2381B5BF0080D6CD /* main.cpp */ = {isa = PBXFileReference; lastKnownFileType = sourcecode.cpp.cpp; path = main.cpp; sourceTree = "<group>"; };
		E2A53EC32381B5E20080D6CD /* PowerOfANumber */ = {isa = PBXFileReference; explicitFileType = "compiled.mach-o.executable"; includeInIndex = 0; path = PowerOfANumber; sourceTree = BUILT_PRODUCTS_DIR; };
		E2A53EC52381B5E20080D6CD /* main.cpp */ = {isa = PBXFileReference; lastKnownFileType = sourcecode.cpp.cpp; path = main.cpp; sourceTree = "<group>"; };
		E2A53ECE2381B5F40080D6CD /* CalculateSquareRoot */ = {isa = PBXFileReference; explicitFileType = "compiled.mach-o.executable"; includeInIndex = 0; path = CalculateSquareRoot; sourceTree = BUILT_PRODUCTS_DIR; };
		E2A53ED02381B5F40080D6CD /* main.cpp */ = {isa = PBXFileReference; lastKnownFileType = sourcecode.cpp.cpp; path = main.cpp; sourceTree = "<group>"; };
/* End PBXFileReference section */

/* Begin PBXFrameworksBuildPhase section */
		E230FB752345EC450028A26A /* Frameworks */ = {
			isa = PBXFrameworksBuildPhase;
			buildActionMask = 2147483647;
			files = (
			);
			runOnlyForDeploymentPostprocessing = 0;
		};
		E230FB80234600980028A26A /* Frameworks */ = {
			isa = PBXFrameworksBuildPhase;
			buildActionMask = 2147483647;
			files = (
			);
			runOnlyForDeploymentPostprocessing = 0;
		};
		E230FB8B23466FC40028A26A /* Frameworks */ = {
			isa = PBXFrameworksBuildPhase;
			buildActionMask = 2147483647;
			files = (
			);
			runOnlyForDeploymentPostprocessing = 0;
		};
		E29A1D352349D6AC003FD77B /* Frameworks */ = {
			isa = PBXFrameworksBuildPhase;
			buildActionMask = 2147483647;
			files = (
			);
			runOnlyForDeploymentPostprocessing = 0;
		};
		E29A1D402349DD73003FD77B /* Frameworks */ = {
			isa = PBXFrameworksBuildPhase;
			buildActionMask = 2147483647;
			files = (
			);
			runOnlyForDeploymentPostprocessing = 0;
		};
		E29A1D4B2349E83F003FD77B /* Frameworks */ = {
			isa = PBXFrameworksBuildPhase;
			buildActionMask = 2147483647;
			files = (
			);
			runOnlyForDeploymentPostprocessing = 0;
		};
		E29A1D562349E8E0003FD77B /* Frameworks */ = {
			isa = PBXFrameworksBuildPhase;
			buildActionMask = 2147483647;
			files = (
			);
			runOnlyForDeploymentPostprocessing = 0;
		};
		E29A1D612349EBC6003FD77B /* Frameworks */ = {
			isa = PBXFrameworksBuildPhase;
			buildActionMask = 2147483647;
			files = (
			);
			runOnlyForDeploymentPostprocessing = 0;
		};
		E29A1D6C2349F18D003FD77B /* Frameworks */ = {
			isa = PBXFrameworksBuildPhase;
			buildActionMask = 2147483647;
			files = (
			);
			runOnlyForDeploymentPostprocessing = 0;
		};
		E29A1D77234B1286003FD77B /* Frameworks */ = {
			isa = PBXFrameworksBuildPhase;
			buildActionMask = 2147483647;
			files = (
			);
			runOnlyForDeploymentPostprocessing = 0;
		};
		E29A1D82234B12E1003FD77B /* Frameworks */ = {
			isa = PBXFrameworksBuildPhase;
			buildActionMask = 2147483647;
			files = (
			);
			runOnlyForDeploymentPostprocessing = 0;
		};
		E2A53E682381B4FE0080D6CD /* Frameworks */ = {
			isa = PBXFrameworksBuildPhase;
			buildActionMask = 2147483647;
			files = (
			);
			runOnlyForDeploymentPostprocessing = 0;
		};
		E2A53E732381B5560080D6CD /* Frameworks */ = {
			isa = PBXFrameworksBuildPhase;
			buildActionMask = 2147483647;
			files = (
			);
			runOnlyForDeploymentPostprocessing = 0;
		};
		E2A53E7E2381B56A0080D6CD /* Frameworks */ = {
			isa = PBXFrameworksBuildPhase;
			buildActionMask = 2147483647;
			files = (
			);
			runOnlyForDeploymentPostprocessing = 0;
		};
		E2A53E892381B57C0080D6CD /* Frameworks */ = {
			isa = PBXFrameworksBuildPhase;
			buildActionMask = 2147483647;
			files = (
			);
			runOnlyForDeploymentPostprocessing = 0;
		};
		E2A53E942381B5920080D6CD /* Frameworks */ = {
			isa = PBXFrameworksBuildPhase;
			buildActionMask = 2147483647;
			files = (
			);
			runOnlyForDeploymentPostprocessing = 0;
		};
		E2A53E9F2381B59E0080D6CD /* Frameworks */ = {
			isa = PBXFrameworksBuildPhase;
			buildActionMask = 2147483647;
			files = (
			);
			runOnlyForDeploymentPostprocessing = 0;
		};
		E2A53EAA2381B5AC0080D6CD /* Frameworks */ = {
			isa = PBXFrameworksBuildPhase;
			buildActionMask = 2147483647;
			files = (
			);
			runOnlyForDeploymentPostprocessing = 0;
		};
		E2A53EB52381B5BF0080D6CD /* Frameworks */ = {
			isa = PBXFrameworksBuildPhase;
			buildActionMask = 2147483647;
			files = (
			);
			runOnlyForDeploymentPostprocessing = 0;
		};
		E2A53EC02381B5E20080D6CD /* Frameworks */ = {
			isa = PBXFrameworksBuildPhase;
			buildActionMask = 2147483647;
			files = (
			);
			runOnlyForDeploymentPostprocessing = 0;
		};
		E2A53ECB2381B5F40080D6CD /* Frameworks */ = {
			isa = PBXFrameworksBuildPhase;
			buildActionMask = 2147483647;
			files = (
			);
			runOnlyForDeploymentPostprocessing = 0;
		};
/* End PBXFrameworksBuildPhase section */

/* Begin PBXGroup section */
		E230FB592345E6250028A26A = {
			isa = PBXGroup;
			children = (
				E230FB632345E6250028A26A /* Products */,
				E2A53E662381B4EB0080D6CD /* MathsAndStats */,
				E230FB6C2345EB110028A26A /* Arrays */,
				E230FB6F2345EB2B0028A26A /* Graphs */,
				E230FB732345EB480028A26A /* Hashing */,
				E230FB722345EB3D0028A26A /* Heap */,
				E230FB6D2345EB180028A26A /* LinkedList */,
				E230FB6E2345EB210028A26A /* StackAndQueues */,
				E230FB702345EB310028A26A /* Trees */,
				E230FB712345EB370028A26A /* Trie */,
			);
			sourceTree = "<group>";
		};
		E230FB632345E6250028A26A /* Products */ = {
			isa = PBXGroup;
			children = (
				E230FB782345EC450028A26A /* RemoveEvenIntegers */,
				E230FB83234600980028A26A /* MergeTwoSortedArray */,
				E230FB8E23466FC40028A26A /* RightRotateArray */,
				E29A1D382349D6AC003FD77B /* TwoNumbersThatAddToValue */,
				E29A1D432349DD73003FD77B /* ArrayOfProducts */,
				E29A1D4E2349E83F003FD77B /* MinInArray */,
				E29A1D592349E8E0003FD77B /* FirstUniqueIntegerInArray */,
				E29A1D642349EBC6003FD77B /* SecondMaxInArray */,
				E29A1D6F2349F18D003FD77B /* RearrangePositionAndNegative */,
				E29A1D7A234B1286003FD77B /* RearrangeSortedArrInMinMax */,
				E29A1D85234B12E1003FD77B /* KthMaximum */,
				E2A53E6B2381B4FE0080D6CD /* NthPermutation */,
				E2A53E762381B5560080D6CD /* IntegerDivision */,
				E2A53E812381B56A0080D6CD /* PythagoreanTriplets */,
				E2A53E8C2381B57C0080D6CD /* AllSumCombination */,
				E2A53E972381B5920080D6CD /* FindMissingNumber */,
				E2A53EA22381B59E0080D6CD /* PermuteString */,
				E2A53EAD2381B5AC0080D6CD /* AllSubsets */,
				E2A53EB82381B5BF0080D6CD /* IsNumberValid */,
				E2A53EC32381B5E20080D6CD /* PowerOfANumber */,
				E2A53ECE2381B5F40080D6CD /* CalculateSquareRoot */,
			);
			name = Products;
			sourceTree = "<group>";
		};
		E230FB6C2345EB110028A26A /* Arrays */ = {
			isa = PBXGroup;
			children = (
				E29A1D86234B12E1003FD77B /* KthMaximum */,
				E29A1D7B234B1286003FD77B /* RearrangeSortedArrInMinMax */,
				E29A1D702349F18D003FD77B /* RearrangePositionAndNegative */,
				E29A1D652349EBC6003FD77B /* SecondMaxInArray */,
				E29A1D5A2349E8E0003FD77B /* FirstUniqueIntegerInArray */,
				E29A1D4F2349E83F003FD77B /* MinInArray */,
				E29A1D442349DD73003FD77B /* ArrayOfProducts */,
				E29A1D392349D6AC003FD77B /* TwoNumbersThatAddToValue */,
				E230FB8F23466FC40028A26A /* RightRotateArray */,
				E230FB84234600980028A26A /* MergeTwoSortedArray */,
				E230FB792345EC450028A26A /* RemoveEvenIntegers */,
			);
			path = Arrays;
			sourceTree = "<group>";
		};
		E230FB6D2345EB180028A26A /* LinkedList */ = {
			isa = PBXGroup;
			children = (
			);
			path = LinkedList;
			sourceTree = "<group>";
		};
		E230FB6E2345EB210028A26A /* StackAndQueues */ = {
			isa = PBXGroup;
			children = (
			);
			path = StackAndQueues;
			sourceTree = "<group>";
		};
		E230FB6F2345EB2B0028A26A /* Graphs */ = {
			isa = PBXGroup;
			children = (
			);
			path = Graphs;
			sourceTree = "<group>";
		};
		E230FB702345EB310028A26A /* Trees */ = {
			isa = PBXGroup;
			children = (
			);
			path = Trees;
			sourceTree = "<group>";
		};
		E230FB712345EB370028A26A /* Trie */ = {
			isa = PBXGroup;
			children = (
			);
			path = Trie;
			sourceTree = "<group>";
		};
		E230FB722345EB3D0028A26A /* Heap */ = {
			isa = PBXGroup;
			children = (
			);
			path = Heap;
			sourceTree = "<group>";
		};
		E230FB732345EB480028A26A /* Hashing */ = {
			isa = PBXGroup;
			children = (
			);
			path = Hashing;
			sourceTree = "<group>";
		};
		E230FB792345EC450028A26A /* RemoveEvenIntegers */ = {
			isa = PBXGroup;
			children = (
				E230FB7A2345EC460028A26A /* main.cpp */,
			);
			path = RemoveEvenIntegers;
			sourceTree = "<group>";
		};
		E230FB84234600980028A26A /* MergeTwoSortedArray */ = {
			isa = PBXGroup;
			children = (
				E230FB85234600980028A26A /* main.cpp */,
			);
			path = MergeTwoSortedArray;
			sourceTree = "<group>";
		};
		E230FB8F23466FC40028A26A /* RightRotateArray */ = {
			isa = PBXGroup;
			children = (
				E230FB9023466FC40028A26A /* main.cpp */,
			);
			path = RightRotateArray;
			sourceTree = "<group>";
		};
		E29A1D392349D6AC003FD77B /* TwoNumbersThatAddToValue */ = {
			isa = PBXGroup;
			children = (
				E29A1D3A2349D6AC003FD77B /* main.cpp */,
			);
			path = TwoNumbersThatAddToValue;
			sourceTree = "<group>";
		};
		E29A1D442349DD73003FD77B /* ArrayOfProducts */ = {
			isa = PBXGroup;
			children = (
				E29A1D452349DD73003FD77B /* main.cpp */,
			);
			path = ArrayOfProducts;
			sourceTree = "<group>";
		};
		E29A1D4F2349E83F003FD77B /* MinInArray */ = {
			isa = PBXGroup;
			children = (
				E29A1D502349E83F003FD77B /* main.cpp */,
			);
			path = MinInArray;
			sourceTree = "<group>";
		};
		E29A1D5A2349E8E0003FD77B /* FirstUniqueIntegerInArray */ = {
			isa = PBXGroup;
			children = (
				E29A1D5B2349E8E0003FD77B /* main.cpp */,
			);
			path = FirstUniqueIntegerInArray;
			sourceTree = "<group>";
		};
		E29A1D652349EBC6003FD77B /* SecondMaxInArray */ = {
			isa = PBXGroup;
			children = (
				E29A1D662349EBC6003FD77B /* main.cpp */,
			);
			path = SecondMaxInArray;
			sourceTree = "<group>";
		};
		E29A1D702349F18D003FD77B /* RearrangePositionAndNegative */ = {
			isa = PBXGroup;
			children = (
				E29A1D712349F18D003FD77B /* main.cpp */,
			);
			path = RearrangePositionAndNegative;
			sourceTree = "<group>";
		};
		E29A1D7B234B1286003FD77B /* RearrangeSortedArrInMinMax */ = {
			isa = PBXGroup;
			children = (
				E29A1D7C234B1286003FD77B /* main.cpp */,
			);
			path = RearrangeSortedArrInMinMax;
			sourceTree = "<group>";
		};
		E29A1D86234B12E1003FD77B /* KthMaximum */ = {
			isa = PBXGroup;
			children = (
				E29A1D87234B12E1003FD77B /* main.cpp */,
			);
			path = KthMaximum;
			sourceTree = "<group>";
		};
		E2A53E662381B4EB0080D6CD /* MathsAndStats */ = {
			isa = PBXGroup;
			children = (
				E2A53ECF2381B5F40080D6CD /* CalculateSquareRoot */,
				E2A53EC42381B5E20080D6CD /* PowerOfANumber */,
				E2A53EB92381B5BF0080D6CD /* IsNumberValid */,
				E2A53EAE2381B5AC0080D6CD /* AllSubsets */,
				E2A53EA32381B59E0080D6CD /* PermuteString */,
				E2A53E982381B5920080D6CD /* FindMissingNumber */,
				E2A53E8D2381B57C0080D6CD /* AllSumCombination */,
				E2A53E822381B56A0080D6CD /* PythagoreanTriplets */,
				E2A53E772381B5570080D6CD /* IntegerDivision */,
				E2A53E6C2381B4FE0080D6CD /* NthPermutation */,
			);
			path = MathsAndStats;
			sourceTree = "<group>";
		};
		E2A53E6C2381B4FE0080D6CD /* NthPermutation */ = {
			isa = PBXGroup;
			children = (
				E2A53E6D2381B4FE0080D6CD /* main.cpp */,
			);
			path = NthPermutation;
			sourceTree = "<group>";
		};
		E2A53E772381B5570080D6CD /* IntegerDivision */ = {
			isa = PBXGroup;
			children = (
				E2A53E782381B5570080D6CD /* main.cpp */,
			);
			path = IntegerDivision;
			sourceTree = "<group>";
		};
		E2A53E822381B56A0080D6CD /* PythagoreanTriplets */ = {
			isa = PBXGroup;
			children = (
				E2A53E832381B56A0080D6CD /* main.cpp */,
			);
			path = PythagoreanTriplets;
			sourceTree = "<group>";
		};
		E2A53E8D2381B57C0080D6CD /* AllSumCombination */ = {
			isa = PBXGroup;
			children = (
				E2A53E8E2381B57C0080D6CD /* main.cpp */,
			);
			path = AllSumCombination;
			sourceTree = "<group>";
		};
		E2A53E982381B5920080D6CD /* FindMissingNumber */ = {
			isa = PBXGroup;
			children = (
				E2A53E992381B5920080D6CD /* main.cpp */,
			);
			path = FindMissingNumber;
			sourceTree = "<group>";
		};
		E2A53EA32381B59E0080D6CD /* PermuteString */ = {
			isa = PBXGroup;
			children = (
				E2A53EA42381B59E0080D6CD /* main.cpp */,
			);
			path = PermuteString;
			sourceTree = "<group>";
		};
		E2A53EAE2381B5AC0080D6CD /* AllSubsets */ = {
			isa = PBXGroup;
			children = (
				E2A53EAF2381B5AC0080D6CD /* main.cpp */,
			);
			path = AllSubsets;
			sourceTree = "<group>";
		};
		E2A53EB92381B5BF0080D6CD /* IsNumberValid */ = {
			isa = PBXGroup;
			children = (
				E2A53EBA2381B5BF0080D6CD /* main.cpp */,
			);
			path = IsNumberValid;
			sourceTree = "<group>";
		};
		E2A53EC42381B5E20080D6CD /* PowerOfANumber */ = {
			isa = PBXGroup;
			children = (
				E2A53EC52381B5E20080D6CD /* main.cpp */,
			);
			path = PowerOfANumber;
			sourceTree = "<group>";
		};
		E2A53ECF2381B5F40080D6CD /* CalculateSquareRoot */ = {
			isa = PBXGroup;
			children = (
				E2A53ED02381B5F40080D6CD /* main.cpp */,
			);
			path = CalculateSquareRoot;
			sourceTree = "<group>";
		};
/* End PBXGroup section */

/* Begin PBXNativeTarget section */
		E230FB772345EC450028A26A /* RemoveEvenIntegers */ = {
			isa = PBXNativeTarget;
			buildConfigurationList = E230FB7C2345EC460028A26A /* Build configuration list for PBXNativeTarget "RemoveEvenIntegers" */;
			buildPhases = (
				E230FB742345EC450028A26A /* Sources */,
				E230FB752345EC450028A26A /* Frameworks */,
				E230FB762345EC450028A26A /* CopyFiles */,
			);
			buildRules = (
			);
			dependencies = (
			);
			name = RemoveEvenIntegers;
			productName = RemoveEvenIntegers;
			productReference = E230FB782345EC450028A26A /* RemoveEvenIntegers */;
			productType = "com.apple.product-type.tool";
		};
		E230FB82234600980028A26A /* MergeTwoSortedArray */ = {
			isa = PBXNativeTarget;
			buildConfigurationList = E230FB87234600980028A26A /* Build configuration list for PBXNativeTarget "MergeTwoSortedArray" */;
			buildPhases = (
				E230FB7F234600980028A26A /* Sources */,
				E230FB80234600980028A26A /* Frameworks */,
				E230FB81234600980028A26A /* CopyFiles */,
			);
			buildRules = (
			);
			dependencies = (
			);
			name = MergeTwoSortedArray;
			productName = MergeTwoSortedArray;
			productReference = E230FB83234600980028A26A /* MergeTwoSortedArray */;
			productType = "com.apple.product-type.tool";
		};
		E230FB8D23466FC40028A26A /* RightRotateArray */ = {
			isa = PBXNativeTarget;
			buildConfigurationList = E230FB9223466FC40028A26A /* Build configuration list for PBXNativeTarget "RightRotateArray" */;
			buildPhases = (
				E230FB8A23466FC40028A26A /* Sources */,
				E230FB8B23466FC40028A26A /* Frameworks */,
				E230FB8C23466FC40028A26A /* CopyFiles */,
			);
			buildRules = (
			);
			dependencies = (
			);
			name = RightRotateArray;
			productName = RightRotateArray;
			productReference = E230FB8E23466FC40028A26A /* RightRotateArray */;
			productType = "com.apple.product-type.tool";
		};
		E29A1D372349D6AC003FD77B /* TwoNumbersThatAddToValue */ = {
			isa = PBXNativeTarget;
			buildConfigurationList = E29A1D3E2349D6AC003FD77B /* Build configuration list for PBXNativeTarget "TwoNumbersThatAddToValue" */;
			buildPhases = (
				E29A1D342349D6AC003FD77B /* Sources */,
				E29A1D352349D6AC003FD77B /* Frameworks */,
				E29A1D362349D6AC003FD77B /* CopyFiles */,
			);
			buildRules = (
			);
			dependencies = (
			);
			name = TwoNumbersThatAddToValue;
			productName = TwoNumbersThatAddToValue;
			productReference = E29A1D382349D6AC003FD77B /* TwoNumbersThatAddToValue */;
			productType = "com.apple.product-type.tool";
		};
		E29A1D422349DD73003FD77B /* ArrayOfProducts */ = {
			isa = PBXNativeTarget;
			buildConfigurationList = E29A1D472349DD73003FD77B /* Build configuration list for PBXNativeTarget "ArrayOfProducts" */;
			buildPhases = (
				E29A1D3F2349DD73003FD77B /* Sources */,
				E29A1D402349DD73003FD77B /* Frameworks */,
				E29A1D412349DD73003FD77B /* CopyFiles */,
			);
			buildRules = (
			);
			dependencies = (
			);
			name = ArrayOfProducts;
			productName = ArrayOfProducts;
			productReference = E29A1D432349DD73003FD77B /* ArrayOfProducts */;
			productType = "com.apple.product-type.tool";
		};
		E29A1D4D2349E83F003FD77B /* MinInArray */ = {
			isa = PBXNativeTarget;
			buildConfigurationList = E29A1D522349E83F003FD77B /* Build configuration list for PBXNativeTarget "MinInArray" */;
			buildPhases = (
				E29A1D4A2349E83F003FD77B /* Sources */,
				E29A1D4B2349E83F003FD77B /* Frameworks */,
				E29A1D4C2349E83F003FD77B /* CopyFiles */,
			);
			buildRules = (
			);
			dependencies = (
			);
			name = MinInArray;
			productName = MinInArray;
			productReference = E29A1D4E2349E83F003FD77B /* MinInArray */;
			productType = "com.apple.product-type.tool";
		};
		E29A1D582349E8E0003FD77B /* FirstUniqueIntegerInArray */ = {
			isa = PBXNativeTarget;
			buildConfigurationList = E29A1D5D2349E8E0003FD77B /* Build configuration list for PBXNativeTarget "FirstUniqueIntegerInArray" */;
			buildPhases = (
				E29A1D552349E8E0003FD77B /* Sources */,
				E29A1D562349E8E0003FD77B /* Frameworks */,
				E29A1D572349E8E0003FD77B /* CopyFiles */,
			);
			buildRules = (
			);
			dependencies = (
			);
			name = FirstUniqueIntegerInArray;
			productName = FirstUniqueIntegerInArray;
			productReference = E29A1D592349E8E0003FD77B /* FirstUniqueIntegerInArray */;
			productType = "com.apple.product-type.tool";
		};
		E29A1D632349EBC6003FD77B /* SecondMaxInArray */ = {
			isa = PBXNativeTarget;
			buildConfigurationList = E29A1D682349EBC6003FD77B /* Build configuration list for PBXNativeTarget "SecondMaxInArray" */;
			buildPhases = (
				E29A1D602349EBC6003FD77B /* Sources */,
				E29A1D612349EBC6003FD77B /* Frameworks */,
				E29A1D622349EBC6003FD77B /* CopyFiles */,
			);
			buildRules = (
			);
			dependencies = (
			);
			name = SecondMaxInArray;
			productName = SecondMaxInArray;
			productReference = E29A1D642349EBC6003FD77B /* SecondMaxInArray */;
			productType = "com.apple.product-type.tool";
		};
		E29A1D6E2349F18D003FD77B /* RearrangePositionAndNegative */ = {
			isa = PBXNativeTarget;
			buildConfigurationList = E29A1D732349F18D003FD77B /* Build configuration list for PBXNativeTarget "RearrangePositionAndNegative" */;
			buildPhases = (
				E29A1D6B2349F18D003FD77B /* Sources */,
				E29A1D6C2349F18D003FD77B /* Frameworks */,
				E29A1D6D2349F18D003FD77B /* CopyFiles */,
			);
			buildRules = (
			);
			dependencies = (
			);
			name = RearrangePositionAndNegative;
			productName = RearrangePositionAndNegative;
			productReference = E29A1D6F2349F18D003FD77B /* RearrangePositionAndNegative */;
			productType = "com.apple.product-type.tool";
		};
		E29A1D79234B1286003FD77B /* RearrangeSortedArrInMinMax */ = {
			isa = PBXNativeTarget;
			buildConfigurationList = E29A1D7E234B1286003FD77B /* Build configuration list for PBXNativeTarget "RearrangeSortedArrInMinMax" */;
			buildPhases = (
				E29A1D76234B1286003FD77B /* Sources */,
				E29A1D77234B1286003FD77B /* Frameworks */,
				E29A1D78234B1286003FD77B /* CopyFiles */,
			);
			buildRules = (
			);
			dependencies = (
			);
			name = RearrangeSortedArrInMinMax;
			productName = RearrangeSortedArrInMinMax;
			productReference = E29A1D7A234B1286003FD77B /* RearrangeSortedArrInMinMax */;
			productType = "com.apple.product-type.tool";
		};
		E29A1D84234B12E1003FD77B /* KthMaximum */ = {
			isa = PBXNativeTarget;
			buildConfigurationList = E29A1D89234B12E1003FD77B /* Build configuration list for PBXNativeTarget "KthMaximum" */;
			buildPhases = (
				E29A1D81234B12E1003FD77B /* Sources */,
				E29A1D82234B12E1003FD77B /* Frameworks */,
				E29A1D83234B12E1003FD77B /* CopyFiles */,
			);
			buildRules = (
			);
			dependencies = (
			);
			name = KthMaximum;
			productName = KthMaximum;
			productReference = E29A1D85234B12E1003FD77B /* KthMaximum */;
			productType = "com.apple.product-type.tool";
		};
		E2A53E6A2381B4FE0080D6CD /* NthPermutation */ = {
			isa = PBXNativeTarget;
			buildConfigurationList = E2A53E6F2381B4FE0080D6CD /* Build configuration list for PBXNativeTarget "NthPermutation" */;
			buildPhases = (
				E2A53E672381B4FE0080D6CD /* Sources */,
				E2A53E682381B4FE0080D6CD /* Frameworks */,
				E2A53E692381B4FE0080D6CD /* CopyFiles */,
			);
			buildRules = (
			);
			dependencies = (
			);
			name = NthPermutation;
			productName = NthPermutation;
			productReference = E2A53E6B2381B4FE0080D6CD /* NthPermutation */;
			productType = "com.apple.product-type.tool";
		};
		E2A53E752381B5560080D6CD /* IntegerDivision */ = {
			isa = PBXNativeTarget;
			buildConfigurationList = E2A53E7A2381B5570080D6CD /* Build configuration list for PBXNativeTarget "IntegerDivision" */;
			buildPhases = (
				E2A53E722381B5560080D6CD /* Sources */,
				E2A53E732381B5560080D6CD /* Frameworks */,
				E2A53E742381B5560080D6CD /* CopyFiles */,
			);
			buildRules = (
			);
			dependencies = (
			);
			name = IntegerDivision;
			productName = IntegerDivision;
			productReference = E2A53E762381B5560080D6CD /* IntegerDivision */;
			productType = "com.apple.product-type.tool";
		};
		E2A53E802381B56A0080D6CD /* PythagoreanTriplets */ = {
			isa = PBXNativeTarget;
			buildConfigurationList = E2A53E852381B56A0080D6CD /* Build configuration list for PBXNativeTarget "PythagoreanTriplets" */;
			buildPhases = (
				E2A53E7D2381B56A0080D6CD /* Sources */,
				E2A53E7E2381B56A0080D6CD /* Frameworks */,
				E2A53E7F2381B56A0080D6CD /* CopyFiles */,
			);
			buildRules = (
			);
			dependencies = (
			);
			name = PythagoreanTriplets;
			productName = PythagoreanTriplets;
			productReference = E2A53E812381B56A0080D6CD /* PythagoreanTriplets */;
			productType = "com.apple.product-type.tool";
		};
		E2A53E8B2381B57C0080D6CD /* AllSumCombination */ = {
			isa = PBXNativeTarget;
			buildConfigurationList = E2A53E902381B57C0080D6CD /* Build configuration list for PBXNativeTarget "AllSumCombination" */;
			buildPhases = (
				E2A53E882381B57C0080D6CD /* Sources */,
				E2A53E892381B57C0080D6CD /* Frameworks */,
				E2A53E8A2381B57C0080D6CD /* CopyFiles */,
			);
			buildRules = (
			);
			dependencies = (
			);
			name = AllSumCombination;
			productName = AllSumCombination;
			productReference = E2A53E8C2381B57C0080D6CD /* AllSumCombination */;
			productType = "com.apple.product-type.tool";
		};
		E2A53E962381B5920080D6CD /* FindMissingNumber */ = {
			isa = PBXNativeTarget;
			buildConfigurationList = E2A53E9B2381B5920080D6CD /* Build configuration list for PBXNativeTarget "FindMissingNumber" */;
			buildPhases = (
				E2A53E932381B5920080D6CD /* Sources */,
				E2A53E942381B5920080D6CD /* Frameworks */,
				E2A53E952381B5920080D6CD /* CopyFiles */,
			);
			buildRules = (
			);
			dependencies = (
			);
			name = FindMissingNumber;
			productName = FindMissingNumber;
			productReference = E2A53E972381B5920080D6CD /* FindMissingNumber */;
			productType = "com.apple.product-type.tool";
		};
		E2A53EA12381B59E0080D6CD /* PermuteString */ = {
			isa = PBXNativeTarget;
			buildConfigurationList = E2A53EA62381B59E0080D6CD /* Build configuration list for PBXNativeTarget "PermuteString" */;
			buildPhases = (
				E2A53E9E2381B59E0080D6CD /* Sources */,
				E2A53E9F2381B59E0080D6CD /* Frameworks */,
				E2A53EA02381B59E0080D6CD /* CopyFiles */,
			);
			buildRules = (
			);
			dependencies = (
			);
			name = PermuteString;
			productName = PermuteString;
			productReference = E2A53EA22381B59E0080D6CD /* PermuteString */;
			productType = "com.apple.product-type.tool";
		};
		E2A53EAC2381B5AC0080D6CD /* AllSubsets */ = {
			isa = PBXNativeTarget;
			buildConfigurationList = E2A53EB12381B5AC0080D6CD /* Build configuration list for PBXNativeTarget "AllSubsets" */;
			buildPhases = (
				E2A53EA92381B5AC0080D6CD /* Sources */,
				E2A53EAA2381B5AC0080D6CD /* Frameworks */,
				E2A53EAB2381B5AC0080D6CD /* CopyFiles */,
			);
			buildRules = (
			);
			dependencies = (
			);
			name = AllSubsets;
			productName = AllSubsets;
			productReference = E2A53EAD2381B5AC0080D6CD /* AllSubsets */;
			productType = "com.apple.product-type.tool";
		};
		E2A53EB72381B5BF0080D6CD /* IsNumberValid */ = {
			isa = PBXNativeTarget;
			buildConfigurationList = E2A53EBC2381B5BF0080D6CD /* Build configuration list for PBXNativeTarget "IsNumberValid" */;
			buildPhases = (
				E2A53EB42381B5BF0080D6CD /* Sources */,
				E2A53EB52381B5BF0080D6CD /* Frameworks */,
				E2A53EB62381B5BF0080D6CD /* CopyFiles */,
			);
			buildRules = (
			);
			dependencies = (
			);
			name = IsNumberValid;
			productName = IsNumberValid;
			productReference = E2A53EB82381B5BF0080D6CD /* IsNumberValid */;
			productType = "com.apple.product-type.tool";
		};
		E2A53EC22381B5E20080D6CD /* PowerOfANumber */ = {
			isa = PBXNativeTarget;
			buildConfigurationList = E2A53EC72381B5E20080D6CD /* Build configuration list for PBXNativeTarget "PowerOfANumber" */;
			buildPhases = (
				E2A53EBF2381B5E20080D6CD /* Sources */,
				E2A53EC02381B5E20080D6CD /* Frameworks */,
				E2A53EC12381B5E20080D6CD /* CopyFiles */,
			);
			buildRules = (
			);
			dependencies = (
			);
			name = PowerOfANumber;
			productName = PowerOfANumber;
			productReference = E2A53EC32381B5E20080D6CD /* PowerOfANumber */;
			productType = "com.apple.product-type.tool";
		};
		E2A53ECD2381B5F40080D6CD /* CalculateSquareRoot */ = {
			isa = PBXNativeTarget;
			buildConfigurationList = E2A53ED22381B5F40080D6CD /* Build configuration list for PBXNativeTarget "CalculateSquareRoot" */;
			buildPhases = (
				E2A53ECA2381B5F40080D6CD /* Sources */,
				E2A53ECB2381B5F40080D6CD /* Frameworks */,
				E2A53ECC2381B5F40080D6CD /* CopyFiles */,
			);
			buildRules = (
			);
			dependencies = (
			);
			name = CalculateSquareRoot;
			productName = CalculateSquareRoot;
			productReference = E2A53ECE2381B5F40080D6CD /* CalculateSquareRoot */;
			productType = "com.apple.product-type.tool";
		};
/* End PBXNativeTarget section */

/* Begin PBXProject section */
		E230FB5A2345E6250028A26A /* Project object */ = {
			isa = PBXProject;
			attributes = {
				LastUpgradeCheck = 1020;
				ORGANIZATIONNAME = "Aniket Bhushan";
				TargetAttributes = {
					E230FB772345EC450028A26A = {
						CreatedOnToolsVersion = 10.2;
					};
					E230FB82234600980028A26A = {
						CreatedOnToolsVersion = 10.2;
					};
					E230FB8D23466FC40028A26A = {
						CreatedOnToolsVersion = 10.2;
					};
					E29A1D372349D6AC003FD77B = {
						CreatedOnToolsVersion = 10.2;
					};
					E29A1D422349DD73003FD77B = {
						CreatedOnToolsVersion = 10.2;
					};
					E29A1D4D2349E83F003FD77B = {
						CreatedOnToolsVersion = 10.2;
					};
					E29A1D582349E8E0003FD77B = {
						CreatedOnToolsVersion = 10.2;
					};
					E29A1D632349EBC6003FD77B = {
						CreatedOnToolsVersion = 10.2;
					};
					E29A1D6E2349F18D003FD77B = {
						CreatedOnToolsVersion = 10.2;
					};
					E29A1D79234B1286003FD77B = {
						CreatedOnToolsVersion = 10.2;
					};
					E29A1D84234B12E1003FD77B = {
						CreatedOnToolsVersion = 10.2;
					};
					E2A53E6A2381B4FE0080D6CD = {
						CreatedOnToolsVersion = 10.2;
					};
					E2A53E752381B5560080D6CD = {
						CreatedOnToolsVersion = 10.2;
					};
					E2A53E802381B56A0080D6CD = {
						CreatedOnToolsVersion = 10.2;
					};
					E2A53E8B2381B57C0080D6CD = {
						CreatedOnToolsVersion = 10.2;
					};
					E2A53E962381B5920080D6CD = {
						CreatedOnToolsVersion = 10.2;
					};
					E2A53EA12381B59E0080D6CD = {
						CreatedOnToolsVersion = 10.2;
					};
					E2A53EAC2381B5AC0080D6CD = {
						CreatedOnToolsVersion = 10.2;
					};
					E2A53EB72381B5BF0080D6CD = {
						CreatedOnToolsVersion = 10.2;
					};
					E2A53EC22381B5E20080D6CD = {
						CreatedOnToolsVersion = 10.2;
					};
					E2A53ECD2381B5F40080D6CD = {
						CreatedOnToolsVersion = 10.2;
					};
				};
			};
			buildConfigurationList = E230FB5D2345E6250028A26A /* Build configuration list for PBXProject "DataStructures" */;
			compatibilityVersion = "Xcode 9.3";
			developmentRegion = en;
			hasScannedForEncodings = 0;
			knownRegions = (
				en,
			);
			mainGroup = E230FB592345E6250028A26A;
			productRefGroup = E230FB632345E6250028A26A /* Products */;
			projectDirPath = "";
			projectRoot = "";
			targets = (
				E230FB772345EC450028A26A /* RemoveEvenIntegers */,
				E230FB82234600980028A26A /* MergeTwoSortedArray */,
				E230FB8D23466FC40028A26A /* RightRotateArray */,
				E29A1D372349D6AC003FD77B /* TwoNumbersThatAddToValue */,
				E29A1D422349DD73003FD77B /* ArrayOfProducts */,
				E29A1D4D2349E83F003FD77B /* MinInArray */,
				E29A1D582349E8E0003FD77B /* FirstUniqueIntegerInArray */,
				E29A1D632349EBC6003FD77B /* SecondMaxInArray */,
				E29A1D6E2349F18D003FD77B /* RearrangePositionAndNegative */,
				E29A1D79234B1286003FD77B /* RearrangeSortedArrInMinMax */,
				E29A1D84234B12E1003FD77B /* KthMaximum */,
				E2A53E6A2381B4FE0080D6CD /* NthPermutation */,
				E2A53E752381B5560080D6CD /* IntegerDivision */,
				E2A53E802381B56A0080D6CD /* PythagoreanTriplets */,
				E2A53E8B2381B57C0080D6CD /* AllSumCombination */,
				E2A53E962381B5920080D6CD /* FindMissingNumber */,
				E2A53EA12381B59E0080D6CD /* PermuteString */,
				E2A53EAC2381B5AC0080D6CD /* AllSubsets */,
				E2A53EB72381B5BF0080D6CD /* IsNumberValid */,
				E2A53EC22381B5E20080D6CD /* PowerOfANumber */,
				E2A53ECD2381B5F40080D6CD /* CalculateSquareRoot */,
			);
		};
/* End PBXProject section */

/* Begin PBXSourcesBuildPhase section */
		E230FB742345EC450028A26A /* Sources */ = {
			isa = PBXSourcesBuildPhase;
			buildActionMask = 2147483647;
			files = (
				E230FB7B2345EC460028A26A /* main.cpp in Sources */,
			);
			runOnlyForDeploymentPostprocessing = 0;
		};
		E230FB7F234600980028A26A /* Sources */ = {
			isa = PBXSourcesBuildPhase;
			buildActionMask = 2147483647;
			files = (
				E230FB86234600980028A26A /* main.cpp in Sources */,
			);
			runOnlyForDeploymentPostprocessing = 0;
		};
		E230FB8A23466FC40028A26A /* Sources */ = {
			isa = PBXSourcesBuildPhase;
			buildActionMask = 2147483647;
			files = (
				E230FB9123466FC40028A26A /* main.cpp in Sources */,
			);
			runOnlyForDeploymentPostprocessing = 0;
		};
		E29A1D342349D6AC003FD77B /* Sources */ = {
			isa = PBXSourcesBuildPhase;
			buildActionMask = 2147483647;
			files = (
				E29A1D3B2349D6AC003FD77B /* main.cpp in Sources */,
			);
			runOnlyForDeploymentPostprocessing = 0;
		};
		E29A1D3F2349DD73003FD77B /* Sources */ = {
			isa = PBXSourcesBuildPhase;
			buildActionMask = 2147483647;
			files = (
				E29A1D462349DD73003FD77B /* main.cpp in Sources */,
			);
			runOnlyForDeploymentPostprocessing = 0;
		};
		E29A1D4A2349E83F003FD77B /* Sources */ = {
			isa = PBXSourcesBuildPhase;
			buildActionMask = 2147483647;
			files = (
				E29A1D512349E83F003FD77B /* main.cpp in Sources */,
			);
			runOnlyForDeploymentPostprocessing = 0;
		};
		E29A1D552349E8E0003FD77B /* Sources */ = {
			isa = PBXSourcesBuildPhase;
			buildActionMask = 2147483647;
			files = (
				E29A1D5C2349E8E0003FD77B /* main.cpp in Sources */,
			);
			runOnlyForDeploymentPostprocessing = 0;
		};
		E29A1D602349EBC6003FD77B /* Sources */ = {
			isa = PBXSourcesBuildPhase;
			buildActionMask = 2147483647;
			files = (
				E29A1D672349EBC6003FD77B /* main.cpp in Sources */,
			);
			runOnlyForDeploymentPostprocessing = 0;
		};
		E29A1D6B2349F18D003FD77B /* Sources */ = {
			isa = PBXSourcesBuildPhase;
			buildActionMask = 2147483647;
			files = (
				E29A1D722349F18D003FD77B /* main.cpp in Sources */,
			);
			runOnlyForDeploymentPostprocessing = 0;
		};
		E29A1D76234B1286003FD77B /* Sources */ = {
			isa = PBXSourcesBuildPhase;
			buildActionMask = 2147483647;
			files = (
				E29A1D7D234B1286003FD77B /* main.cpp in Sources */,
			);
			runOnlyForDeploymentPostprocessing = 0;
		};
		E29A1D81234B12E1003FD77B /* Sources */ = {
			isa = PBXSourcesBuildPhase;
			buildActionMask = 2147483647;
			files = (
				E29A1D88234B12E1003FD77B /* main.cpp in Sources */,
			);
			runOnlyForDeploymentPostprocessing = 0;
		};
		E2A53E672381B4FE0080D6CD /* Sources */ = {
			isa = PBXSourcesBuildPhase;
			buildActionMask = 2147483647;
			files = (
				E2A53E6E2381B4FE0080D6CD /* main.cpp in Sources */,
			);
			runOnlyForDeploymentPostprocessing = 0;
		};
		E2A53E722381B5560080D6CD /* Sources */ = {
			isa = PBXSourcesBuildPhase;
			buildActionMask = 2147483647;
			files = (
				E2A53E792381B5570080D6CD /* main.cpp in Sources */,
			);
			runOnlyForDeploymentPostprocessing = 0;
		};
		E2A53E7D2381B56A0080D6CD /* Sources */ = {
			isa = PBXSourcesBuildPhase;
			buildActionMask = 2147483647;
			files = (
				E2A53E842381B56A0080D6CD /* main.cpp in Sources */,
			);
			runOnlyForDeploymentPostprocessing = 0;
		};
		E2A53E882381B57C0080D6CD /* Sources */ = {
			isa = PBXSourcesBuildPhase;
			buildActionMask = 2147483647;
			files = (
				E2A53E8F2381B57C0080D6CD /* main.cpp in Sources */,
			);
			runOnlyForDeploymentPostprocessing = 0;
		};
		E2A53E932381B5920080D6CD /* Sources */ = {
			isa = PBXSourcesBuildPhase;
			buildActionMask = 2147483647;
			files = (
				E2A53E9A2381B5920080D6CD /* main.cpp in Sources */,
			);
			runOnlyForDeploymentPostprocessing = 0;
		};
		E2A53E9E2381B59E0080D6CD /* Sources */ = {
			isa = PBXSourcesBuildPhase;
			buildActionMask = 2147483647;
			files = (
				E2A53EA52381B59E0080D6CD /* main.cpp in Sources */,
			);
			runOnlyForDeploymentPostprocessing = 0;
		};
		E2A53EA92381B5AC0080D6CD /* Sources */ = {
			isa = PBXSourcesBuildPhase;
			buildActionMask = 2147483647;
			files = (
				E2A53EB02381B5AC0080D6CD /* main.cpp in Sources */,
			);
			runOnlyForDeploymentPostprocessing = 0;
		};
		E2A53EB42381B5BF0080D6CD /* Sources */ = {
			isa = PBXSourcesBuildPhase;
			buildActionMask = 2147483647;
			files = (
				E2A53EBB2381B5BF0080D6CD /* main.cpp in Sources */,
			);
			runOnlyForDeploymentPostprocessing = 0;
		};
		E2A53EBF2381B5E20080D6CD /* Sources */ = {
			isa = PBXSourcesBuildPhase;
			buildActionMask = 2147483647;
			files = (
				E2A53EC62381B5E20080D6CD /* main.cpp in Sources */,
			);
			runOnlyForDeploymentPostprocessing = 0;
		};
		E2A53ECA2381B5F40080D6CD /* Sources */ = {
			isa = PBXSourcesBuildPhase;
			buildActionMask = 2147483647;
			files = (
				E2A53ED12381B5F40080D6CD /* main.cpp in Sources */,
			);
			runOnlyForDeploymentPostprocessing = 0;
		};
/* End PBXSourcesBuildPhase section */

/* Begin XCBuildConfiguration section */
		E230FB672345E6250028A26A /* Debug */ = {
			isa = XCBuildConfiguration;
			buildSettings = {
				ALWAYS_SEARCH_USER_PATHS = NO;
				CLANG_ANALYZER_NONNULL = YES;
				CLANG_ANALYZER_NUMBER_OBJECT_CONVERSION = YES_AGGRESSIVE;
				CLANG_CXX_LANGUAGE_STANDARD = "gnu++14";
				CLANG_CXX_LIBRARY = "libc++";
				CLANG_ENABLE_MODULES = YES;
				CLANG_ENABLE_OBJC_ARC = YES;
				CLANG_ENABLE_OBJC_WEAK = YES;
				CLANG_WARN_BLOCK_CAPTURE_AUTORELEASING = YES;
				CLANG_WARN_BOOL_CONVERSION = YES;
				CLANG_WARN_COMMA = YES;
				CLANG_WARN_CONSTANT_CONVERSION = YES;
				CLANG_WARN_DEPRECATED_OBJC_IMPLEMENTATIONS = YES;
				CLANG_WARN_DIRECT_OBJC_ISA_USAGE = YES_ERROR;
				CLANG_WARN_DOCUMENTATION_COMMENTS = YES;
				CLANG_WARN_EMPTY_BODY = YES;
				CLANG_WARN_ENUM_CONVERSION = YES;
				CLANG_WARN_INFINITE_RECURSION = YES;
				CLANG_WARN_INT_CONVERSION = YES;
				CLANG_WARN_NON_LITERAL_NULL_CONVERSION = YES;
				CLANG_WARN_OBJC_IMPLICIT_RETAIN_SELF = YES;
				CLANG_WARN_OBJC_LITERAL_CONVERSION = YES;
				CLANG_WARN_OBJC_ROOT_CLASS = YES_ERROR;
				CLANG_WARN_RANGE_LOOP_ANALYSIS = YES;
				CLANG_WARN_STRICT_PROTOTYPES = YES;
				CLANG_WARN_SUSPICIOUS_MOVE = YES;
				CLANG_WARN_UNGUARDED_AVAILABILITY = YES_AGGRESSIVE;
				CLANG_WARN_UNREACHABLE_CODE = YES;
				CLANG_WARN__DUPLICATE_METHOD_MATCH = YES;
				CODE_SIGN_IDENTITY = "-";
				COPY_PHASE_STRIP = NO;
				DEBUG_INFORMATION_FORMAT = dwarf;
				ENABLE_STRICT_OBJC_MSGSEND = YES;
				ENABLE_TESTABILITY = YES;
				GCC_C_LANGUAGE_STANDARD = gnu11;
				GCC_DYNAMIC_NO_PIC = NO;
				GCC_NO_COMMON_BLOCKS = YES;
				GCC_OPTIMIZATION_LEVEL = 0;
				GCC_PREPROCESSOR_DEFINITIONS = (
					"DEBUG=1",
					"$(inherited)",
				);
				GCC_WARN_64_TO_32_BIT_CONVERSION = YES;
				GCC_WARN_ABOUT_RETURN_TYPE = YES_ERROR;
				GCC_WARN_UNDECLARED_SELECTOR = YES;
				GCC_WARN_UNINITIALIZED_AUTOS = YES_AGGRESSIVE;
				GCC_WARN_UNUSED_FUNCTION = YES;
				GCC_WARN_UNUSED_VARIABLE = YES;
				MACOSX_DEPLOYMENT_TARGET = 10.14;
				MTL_ENABLE_DEBUG_INFO = INCLUDE_SOURCE;
				MTL_FAST_MATH = YES;
				ONLY_ACTIVE_ARCH = YES;
				SDKROOT = macosx;
			};
			name = Debug;
		};
		E230FB682345E6250028A26A /* Release */ = {
			isa = XCBuildConfiguration;
			buildSettings = {
				ALWAYS_SEARCH_USER_PATHS = NO;
				CLANG_ANALYZER_NONNULL = YES;
				CLANG_ANALYZER_NUMBER_OBJECT_CONVERSION = YES_AGGRESSIVE;
				CLANG_CXX_LANGUAGE_STANDARD = "gnu++14";
				CLANG_CXX_LIBRARY = "libc++";
				CLANG_ENABLE_MODULES = YES;
				CLANG_ENABLE_OBJC_ARC = YES;
				CLANG_ENABLE_OBJC_WEAK = YES;
				CLANG_WARN_BLOCK_CAPTURE_AUTORELEASING = YES;
				CLANG_WARN_BOOL_CONVERSION = YES;
				CLANG_WARN_COMMA = YES;
				CLANG_WARN_CONSTANT_CONVERSION = YES;
				CLANG_WARN_DEPRECATED_OBJC_IMPLEMENTATIONS = YES;
				CLANG_WARN_DIRECT_OBJC_ISA_USAGE = YES_ERROR;
				CLANG_WARN_DOCUMENTATION_COMMENTS = YES;
				CLANG_WARN_EMPTY_BODY = YES;
				CLANG_WARN_ENUM_CONVERSION = YES;
				CLANG_WARN_INFINITE_RECURSION = YES;
				CLANG_WARN_INT_CONVERSION = YES;
				CLANG_WARN_NON_LITERAL_NULL_CONVERSION = YES;
				CLANG_WARN_OBJC_IMPLICIT_RETAIN_SELF = YES;
				CLANG_WARN_OBJC_LITERAL_CONVERSION = YES;
				CLANG_WARN_OBJC_ROOT_CLASS = YES_ERROR;
				CLANG_WARN_RANGE_LOOP_ANALYSIS = YES;
				CLANG_WARN_STRICT_PROTOTYPES = YES;
				CLANG_WARN_SUSPICIOUS_MOVE = YES;
				CLANG_WARN_UNGUARDED_AVAILABILITY = YES_AGGRESSIVE;
				CLANG_WARN_UNREACHABLE_CODE = YES;
				CLANG_WARN__DUPLICATE_METHOD_MATCH = YES;
				CODE_SIGN_IDENTITY = "-";
				COPY_PHASE_STRIP = NO;
				DEBUG_INFORMATION_FORMAT = "dwarf-with-dsym";
				ENABLE_NS_ASSERTIONS = NO;
				ENABLE_STRICT_OBJC_MSGSEND = YES;
				GCC_C_LANGUAGE_STANDARD = gnu11;
				GCC_NO_COMMON_BLOCKS = YES;
				GCC_WARN_64_TO_32_BIT_CONVERSION = YES;
				GCC_WARN_ABOUT_RETURN_TYPE = YES_ERROR;
				GCC_WARN_UNDECLARED_SELECTOR = YES;
				GCC_WARN_UNINITIALIZED_AUTOS = YES_AGGRESSIVE;
				GCC_WARN_UNUSED_FUNCTION = YES;
				GCC_WARN_UNUSED_VARIABLE = YES;
				MACOSX_DEPLOYMENT_TARGET = 10.14;
				MTL_ENABLE_DEBUG_INFO = NO;
				MTL_FAST_MATH = YES;
				SDKROOT = macosx;
			};
			name = Release;
		};
		E230FB7D2345EC460028A26A /* Debug */ = {
			isa = XCBuildConfiguration;
			buildSettings = {
				CODE_SIGN_STYLE = Automatic;
				PRODUCT_NAME = "$(TARGET_NAME)";
			};
			name = Debug;
		};
		E230FB7E2345EC460028A26A /* Release */ = {
			isa = XCBuildConfiguration;
			buildSettings = {
				CODE_SIGN_STYLE = Automatic;
				PRODUCT_NAME = "$(TARGET_NAME)";
			};
			name = Release;
		};
		E230FB88234600980028A26A /* Debug */ = {
			isa = XCBuildConfiguration;
			buildSettings = {
				CODE_SIGN_STYLE = Automatic;
				PRODUCT_NAME = "$(TARGET_NAME)";
			};
			name = Debug;
		};
		E230FB89234600980028A26A /* Release */ = {
			isa = XCBuildConfiguration;
			buildSettings = {
				CODE_SIGN_STYLE = Automatic;
				PRODUCT_NAME = "$(TARGET_NAME)";
			};
			name = Release;
		};
		E230FB9323466FC40028A26A /* Debug */ = {
			isa = XCBuildConfiguration;
			buildSettings = {
				CODE_SIGN_STYLE = Automatic;
				PRODUCT_NAME = "$(TARGET_NAME)";
			};
			name = Debug;
		};
		E230FB9423466FC40028A26A /* Release */ = {
			isa = XCBuildConfiguration;
			buildSettings = {
				CODE_SIGN_STYLE = Automatic;
				PRODUCT_NAME = "$(TARGET_NAME)";
			};
			name = Release;
		};
		E29A1D3C2349D6AC003FD77B /* Debug */ = {
			isa = XCBuildConfiguration;
			buildSettings = {
				CODE_SIGN_STYLE = Automatic;
				PRODUCT_NAME = "$(TARGET_NAME)";
			};
			name = Debug;
		};
		E29A1D3D2349D6AC003FD77B /* Release */ = {
			isa = XCBuildConfiguration;
			buildSettings = {
				CODE_SIGN_STYLE = Automatic;
				PRODUCT_NAME = "$(TARGET_NAME)";
			};
			name = Release;
		};
		E29A1D482349DD73003FD77B /* Debug */ = {
			isa = XCBuildConfiguration;
			buildSettings = {
				CODE_SIGN_STYLE = Automatic;
				PRODUCT_NAME = "$(TARGET_NAME)";
			};
			name = Debug;
		};
		E29A1D492349DD73003FD77B /* Release */ = {
			isa = XCBuildConfiguration;
			buildSettings = {
				CODE_SIGN_STYLE = Automatic;
				PRODUCT_NAME = "$(TARGET_NAME)";
			};
			name = Release;
		};
		E29A1D532349E83F003FD77B /* Debug */ = {
			isa = XCBuildConfiguration;
			buildSettings = {
				CODE_SIGN_STYLE = Automatic;
				PRODUCT_NAME = "$(TARGET_NAME)";
			};
			name = Debug;
		};
		E29A1D542349E83F003FD77B /* Release */ = {
			isa = XCBuildConfiguration;
			buildSettings = {
				CODE_SIGN_STYLE = Automatic;
				PRODUCT_NAME = "$(TARGET_NAME)";
			};
			name = Release;
		};
		E29A1D5E2349E8E0003FD77B /* Debug */ = {
			isa = XCBuildConfiguration;
			buildSettings = {
				CODE_SIGN_STYLE = Automatic;
				PRODUCT_NAME = "$(TARGET_NAME)";
			};
			name = Debug;
		};
		E29A1D5F2349E8E0003FD77B /* Release */ = {
			isa = XCBuildConfiguration;
			buildSettings = {
				CODE_SIGN_STYLE = Automatic;
				PRODUCT_NAME = "$(TARGET_NAME)";
			};
			name = Release;
		};
		E29A1D692349EBC6003FD77B /* Debug */ = {
			isa = XCBuildConfiguration;
			buildSettings = {
				CODE_SIGN_STYLE = Automatic;
				PRODUCT_NAME = "$(TARGET_NAME)";
			};
			name = Debug;
		};
		E29A1D6A2349EBC6003FD77B /* Release */ = {
			isa = XCBuildConfiguration;
			buildSettings = {
				CODE_SIGN_STYLE = Automatic;
				PRODUCT_NAME = "$(TARGET_NAME)";
			};
			name = Release;
		};
		E29A1D742349F18D003FD77B /* Debug */ = {
			isa = XCBuildConfiguration;
			buildSettings = {
				CODE_SIGN_STYLE = Automatic;
				PRODUCT_NAME = "$(TARGET_NAME)";
			};
			name = Debug;
		};
		E29A1D752349F18D003FD77B /* Release */ = {
			isa = XCBuildConfiguration;
			buildSettings = {
				CODE_SIGN_STYLE = Automatic;
				PRODUCT_NAME = "$(TARGET_NAME)";
			};
			name = Release;
		};
		E29A1D7F234B1286003FD77B /* Debug */ = {
			isa = XCBuildConfiguration;
			buildSettings = {
				CODE_SIGN_STYLE = Automatic;
				PRODUCT_NAME = "$(TARGET_NAME)";
			};
			name = Debug;
		};
		E29A1D80234B1286003FD77B /* Release */ = {
			isa = XCBuildConfiguration;
			buildSettings = {
				CODE_SIGN_STYLE = Automatic;
				PRODUCT_NAME = "$(TARGET_NAME)";
			};
			name = Release;
		};
		E29A1D8A234B12E1003FD77B /* Debug */ = {
			isa = XCBuildConfiguration;
			buildSettings = {
				CODE_SIGN_STYLE = Automatic;
				PRODUCT_NAME = "$(TARGET_NAME)";
			};
			name = Debug;
		};
		E29A1D8B234B12E1003FD77B /* Release */ = {
			isa = XCBuildConfiguration;
			buildSettings = {
				CODE_SIGN_STYLE = Automatic;
				PRODUCT_NAME = "$(TARGET_NAME)";
			};
			name = Release;
		};
		E2A53E702381B4FE0080D6CD /* Debug */ = {
			isa = XCBuildConfiguration;
			buildSettings = {
				CODE_SIGN_STYLE = Automatic;
				PRODUCT_NAME = "$(TARGET_NAME)";
			};
			name = Debug;
		};
		E2A53E712381B4FE0080D6CD /* Release */ = {
			isa = XCBuildConfiguration;
			buildSettings = {
				CODE_SIGN_STYLE = Automatic;
				PRODUCT_NAME = "$(TARGET_NAME)";
			};
			name = Release;
		};
		E2A53E7B2381B5570080D6CD /* Debug */ = {
			isa = XCBuildConfiguration;
			buildSettings = {
				CODE_SIGN_STYLE = Automatic;
				PRODUCT_NAME = "$(TARGET_NAME)";
			};
			name = Debug;
		};
		E2A53E7C2381B5570080D6CD /* Release */ = {
			isa = XCBuildConfiguration;
			buildSettings = {
				CODE_SIGN_STYLE = Automatic;
				PRODUCT_NAME = "$(TARGET_NAME)";
			};
			name = Release;
		};
		E2A53E862381B56A0080D6CD /* Debug */ = {
			isa = XCBuildConfiguration;
			buildSettings = {
				CODE_SIGN_STYLE = Automatic;
				PRODUCT_NAME = "$(TARGET_NAME)";
			};
			name = Debug;
		};
		E2A53E872381B56A0080D6CD /* Release */ = {
			isa = XCBuildConfiguration;
			buildSettings = {
				CODE_SIGN_STYLE = Automatic;
				PRODUCT_NAME = "$(TARGET_NAME)";
			};
			name = Release;
		};
		E2A53E912381B57C0080D6CD /* Debug */ = {
			isa = XCBuildConfiguration;
			buildSettings = {
				CODE_SIGN_STYLE = Automatic;
				PRODUCT_NAME = "$(TARGET_NAME)";
			};
			name = Debug;
		};
		E2A53E922381B57C0080D6CD /* Release */ = {
			isa = XCBuildConfiguration;
			buildSettings = {
				CODE_SIGN_STYLE = Automatic;
				PRODUCT_NAME = "$(TARGET_NAME)";
			};
			name = Release;
		};
		E2A53E9C2381B5920080D6CD /* Debug */ = {
			isa = XCBuildConfiguration;
			buildSettings = {
				CODE_SIGN_STYLE = Automatic;
				PRODUCT_NAME = "$(TARGET_NAME)";
			};
			name = Debug;
		};
		E2A53E9D2381B5920080D6CD /* Release */ = {
			isa = XCBuildConfiguration;
			buildSettings = {
				CODE_SIGN_STYLE = Automatic;
				PRODUCT_NAME = "$(TARGET_NAME)";
			};
			name = Release;
		};
		E2A53EA72381B59E0080D6CD /* Debug */ = {
			isa = XCBuildConfiguration;
			buildSettings = {
				CODE_SIGN_STYLE = Automatic;
				PRODUCT_NAME = "$(TARGET_NAME)";
			};
			name = Debug;
		};
		E2A53EA82381B59E0080D6CD /* Release */ = {
			isa = XCBuildConfiguration;
			buildSettings = {
				CODE_SIGN_STYLE = Automatic;
				PRODUCT_NAME = "$(TARGET_NAME)";
			};
			name = Release;
		};
		E2A53EB22381B5AC0080D6CD /* Debug */ = {
			isa = XCBuildConfiguration;
			buildSettings = {
				CODE_SIGN_STYLE = Automatic;
				PRODUCT_NAME = "$(TARGET_NAME)";
			};
			name = Debug;
		};
		E2A53EB32381B5AC0080D6CD /* Release */ = {
			isa = XCBuildConfiguration;
			buildSettings = {
				CODE_SIGN_STYLE = Automatic;
				PRODUCT_NAME = "$(TARGET_NAME)";
			};
			name = Release;
		};
		E2A53EBD2381B5BF0080D6CD /* Debug */ = {
			isa = XCBuildConfiguration;
			buildSettings = {
				CODE_SIGN_STYLE = Automatic;
				PRODUCT_NAME = "$(TARGET_NAME)";
			};
			name = Debug;
		};
		E2A53EBE2381B5BF0080D6CD /* Release */ = {
			isa = XCBuildConfiguration;
			buildSettings = {
				CODE_SIGN_STYLE = Automatic;
				PRODUCT_NAME = "$(TARGET_NAME)";
			};
			name = Release;
		};
		E2A53EC82381B5E20080D6CD /* Debug */ = {
			isa = XCBuildConfiguration;
			buildSettings = {
				CODE_SIGN_STYLE = Automatic;
				PRODUCT_NAME = "$(TARGET_NAME)";
			};
			name = Debug;
		};
		E2A53EC92381B5E20080D6CD /* Release */ = {
			isa = XCBuildConfiguration;
			buildSettings = {
				CODE_SIGN_STYLE = Automatic;
				PRODUCT_NAME = "$(TARGET_NAME)";
			};
			name = Release;
		};
		E2A53ED32381B5F40080D6CD /* Debug */ = {
			isa = XCBuildConfiguration;
			buildSettings = {
				CODE_SIGN_STYLE = Automatic;
				PRODUCT_NAME = "$(TARGET_NAME)";
			};
			name = Debug;
		};
		E2A53ED42381B5F40080D6CD /* Release */ = {
			isa = XCBuildConfiguration;
			buildSettings = {
				CODE_SIGN_STYLE = Automatic;
				PRODUCT_NAME = "$(TARGET_NAME)";
			};
			name = Release;
		};
/* End XCBuildConfiguration section */

/* Begin XCConfigurationList section */
		E230FB5D2345E6250028A26A /* Build configuration list for PBXProject "DataStructures" */ = {
			isa = XCConfigurationList;
			buildConfigurations = (
				E230FB672345E6250028A26A /* Debug */,
				E230FB682345E6250028A26A /* Release */,
			);
			defaultConfigurationIsVisible = 0;
			defaultConfigurationName = Release;
		};
		E230FB7C2345EC460028A26A /* Build configuration list for PBXNativeTarget "RemoveEvenIntegers" */ = {
			isa = XCConfigurationList;
			buildConfigurations = (
				E230FB7D2345EC460028A26A /* Debug */,
				E230FB7E2345EC460028A26A /* Release */,
			);
			defaultConfigurationIsVisible = 0;
			defaultConfigurationName = Release;
		};
		E230FB87234600980028A26A /* Build configuration list for PBXNativeTarget "MergeTwoSortedArray" */ = {
			isa = XCConfigurationList;
			buildConfigurations = (
				E230FB88234600980028A26A /* Debug */,
				E230FB89234600980028A26A /* Release */,
			);
			defaultConfigurationIsVisible = 0;
			defaultConfigurationName = Release;
		};
		E230FB9223466FC40028A26A /* Build configuration list for PBXNativeTarget "RightRotateArray" */ = {
			isa = XCConfigurationList;
			buildConfigurations = (
				E230FB9323466FC40028A26A /* Debug */,
				E230FB9423466FC40028A26A /* Release */,
			);
			defaultConfigurationIsVisible = 0;
			defaultConfigurationName = Release;
		};
		E29A1D3E2349D6AC003FD77B /* Build configuration list for PBXNativeTarget "TwoNumbersThatAddToValue" */ = {
			isa = XCConfigurationList;
			buildConfigurations = (
				E29A1D3C2349D6AC003FD77B /* Debug */,
				E29A1D3D2349D6AC003FD77B /* Release */,
			);
			defaultConfigurationIsVisible = 0;
			defaultConfigurationName = Release;
		};
		E29A1D472349DD73003FD77B /* Build configuration list for PBXNativeTarget "ArrayOfProducts" */ = {
			isa = XCConfigurationList;
			buildConfigurations = (
				E29A1D482349DD73003FD77B /* Debug */,
				E29A1D492349DD73003FD77B /* Release */,
			);
			defaultConfigurationIsVisible = 0;
			defaultConfigurationName = Release;
		};
		E29A1D522349E83F003FD77B /* Build configuration list for PBXNativeTarget "MinInArray" */ = {
			isa = XCConfigurationList;
			buildConfigurations = (
				E29A1D532349E83F003FD77B /* Debug */,
				E29A1D542349E83F003FD77B /* Release */,
			);
			defaultConfigurationIsVisible = 0;
			defaultConfigurationName = Release;
		};
		E29A1D5D2349E8E0003FD77B /* Build configuration list for PBXNativeTarget "FirstUniqueIntegerInArray" */ = {
			isa = XCConfigurationList;
			buildConfigurations = (
				E29A1D5E2349E8E0003FD77B /* Debug */,
				E29A1D5F2349E8E0003FD77B /* Release */,
			);
			defaultConfigurationIsVisible = 0;
			defaultConfigurationName = Release;
		};
		E29A1D682349EBC6003FD77B /* Build configuration list for PBXNativeTarget "SecondMaxInArray" */ = {
			isa = XCConfigurationList;
			buildConfigurations = (
				E29A1D692349EBC6003FD77B /* Debug */,
				E29A1D6A2349EBC6003FD77B /* Release */,
			);
			defaultConfigurationIsVisible = 0;
			defaultConfigurationName = Release;
		};
		E29A1D732349F18D003FD77B /* Build configuration list for PBXNativeTarget "RearrangePositionAndNegative" */ = {
			isa = XCConfigurationList;
			buildConfigurations = (
				E29A1D742349F18D003FD77B /* Debug */,
				E29A1D752349F18D003FD77B /* Release */,
			);
			defaultConfigurationIsVisible = 0;
			defaultConfigurationName = Release;
		};
		E29A1D7E234B1286003FD77B /* Build configuration list for PBXNativeTarget "RearrangeSortedArrInMinMax" */ = {
			isa = XCConfigurationList;
			buildConfigurations = (
				E29A1D7F234B1286003FD77B /* Debug */,
				E29A1D80234B1286003FD77B /* Release */,
			);
			defaultConfigurationIsVisible = 0;
			defaultConfigurationName = Release;
		};
		E29A1D89234B12E1003FD77B /* Build configuration list for PBXNativeTarget "KthMaximum" */ = {
			isa = XCConfigurationList;
			buildConfigurations = (
				E29A1D8A234B12E1003FD77B /* Debug */,
				E29A1D8B234B12E1003FD77B /* Release */,
			);
			defaultConfigurationIsVisible = 0;
			defaultConfigurationName = Release;
		};
		E2A53E6F2381B4FE0080D6CD /* Build configuration list for PBXNativeTarget "NthPermutation" */ = {
			isa = XCConfigurationList;
			buildConfigurations = (
				E2A53E702381B4FE0080D6CD /* Debug */,
				E2A53E712381B4FE0080D6CD /* Release */,
			);
			defaultConfigurationIsVisible = 0;
			defaultConfigurationName = Release;
		};
		E2A53E7A2381B5570080D6CD /* Build configuration list for PBXNativeTarget "IntegerDivision" */ = {
			isa = XCConfigurationList;
			buildConfigurations = (
				E2A53E7B2381B5570080D6CD /* Debug */,
				E2A53E7C2381B5570080D6CD /* Release */,
			);
			defaultConfigurationIsVisible = 0;
			defaultConfigurationName = Release;
		};
		E2A53E852381B56A0080D6CD /* Build configuration list for PBXNativeTarget "PythagoreanTriplets" */ = {
			isa = XCConfigurationList;
			buildConfigurations = (
				E2A53E862381B56A0080D6CD /* Debug */,
				E2A53E872381B56A0080D6CD /* Release */,
			);
			defaultConfigurationIsVisible = 0;
			defaultConfigurationName = Release;
		};
		E2A53E902381B57C0080D6CD /* Build configuration list for PBXNativeTarget "AllSumCombination" */ = {
			isa = XCConfigurationList;
			buildConfigurations = (
				E2A53E912381B57C0080D6CD /* Debug */,
				E2A53E922381B57C0080D6CD /* Release */,
			);
			defaultConfigurationIsVisible = 0;
			defaultConfigurationName = Release;
		};
		E2A53E9B2381B5920080D6CD /* Build configuration list for PBXNativeTarget "FindMissingNumber" */ = {
			isa = XCConfigurationList;
			buildConfigurations = (
				E2A53E9C2381B5920080D6CD /* Debug */,
				E2A53E9D2381B5920080D6CD /* Release */,
			);
			defaultConfigurationIsVisible = 0;
			defaultConfigurationName = Release;
		};
		E2A53EA62381B59E0080D6CD /* Build configuration list for PBXNativeTarget "PermuteString" */ = {
			isa = XCConfigurationList;
			buildConfigurations = (
				E2A53EA72381B59E0080D6CD /* Debug */,
				E2A53EA82381B59E0080D6CD /* Release */,
			);
			defaultConfigurationIsVisible = 0;
			defaultConfigurationName = Release;
		};
		E2A53EB12381B5AC0080D6CD /* Build configuration list for PBXNativeTarget "AllSubsets" */ = {
			isa = XCConfigurationList;
			buildConfigurations = (
				E2A53EB22381B5AC0080D6CD /* Debug */,
				E2A53EB32381B5AC0080D6CD /* Release */,
			);
			defaultConfigurationIsVisible = 0;
			defaultConfigurationName = Release;
		};
		E2A53EBC2381B5BF0080D6CD /* Build configuration list for PBXNativeTarget "IsNumberValid" */ = {
			isa = XCConfigurationList;
			buildConfigurations = (
				E2A53EBD2381B5BF0080D6CD /* Debug */,
				E2A53EBE2381B5BF0080D6CD /* Release */,
			);
			defaultConfigurationIsVisible = 0;
			defaultConfigurationName = Release;
		};
		E2A53EC72381B5E20080D6CD /* Build configuration list for PBXNativeTarget "PowerOfANumber" */ = {
			isa = XCConfigurationList;
			buildConfigurations = (
				E2A53EC82381B5E20080D6CD /* Debug */,
				E2A53EC92381B5E20080D6CD /* Release */,
			);
			defaultConfigurationIsVisible = 0;
			defaultConfigurationName = Release;
		};
		E2A53ED22381B5F40080D6CD /* Build configuration list for PBXNativeTarget "CalculateSquareRoot" */ = {
			isa = XCConfigurationList;
			buildConfigurations = (
				E2A53ED32381B5F40080D6CD /* Debug */,
				E2A53ED42381B5F40080D6CD /* Release */,
			);
			defaultConfigurationIsVisible = 0;
			defaultConfigurationName = Release;
		};
/* End XCConfigurationList section */
	};
	rootObject = E230FB5A2345E6250028A26A /* Project object */;
}
